
Microsoft Visual Studio Solution File, Format Version 12.00
# Visual Studio Version 17
VisualStudioVersion = 17.9.34723.18
MinimumVisualStudioVersion = 10.0.40219.1
Project("{9A19103F-16F7-4668-BE54-9A1E7A4F7556}") = "SocialMedia.Api", "SocialMedia.Api\SocialMedia.Api.csproj", "{E1599754-7976-41AD-AD85-3915552AD7AE}"
EndProject
Project("{9A19103F-16F7-4668-BE54-9A1E7A4F7556}") = "SocialMedia.Core", "SocialMedia.Core\SocialMedia.Core.csproj", "{7BB6B18C-FE17-4B0E-A0E5-1D99687D0B1D}"
EndProject
Project("{9A19103F-16F7-4668-BE54-9A1E7A4F7556}") = "SocialMedia.Infrastruct", "SocialMedia.Infrastruct\SocialMedia.Infrastruct.csproj", "{74281A54-7A5A-41BC-8D4C-4DEE8E95F871}"
EndProject
Project("{2150E333-8FDC-42A3-9474-1A3956D46DE8}") = "Tests", "Tests", "{15B9D9F8-C1FC-4297-B9D2-08D23B9B3551}"
EndProject
Project("{FAE04EC0-301F-11D3-BF4B-00C04F79EFBC}") = "SocialMedia.UnitTests", "SocialMedia.UnitTests\SocialMedia.UnitTests.csproj", "{FF90DE92-0897-4A23-8EDB-1EF324D62CAB}"
EndProject
Project("{FAE04EC0-301F-11D3-BF4B-00C04F79EFBC}") = "SocialMedia.IntegrationTests", "SocialMedia.IntegrationTests\SocialMedia.IntegrationTests.csproj", "{7A90BF2B-4ABE-48A6-B68B-B3AD0B475966}"
EndProject
Global
	GlobalSection(SolutionConfigurationPlatforms) = preSolution
		Debug|Any CPU = Debug|Any CPU
		Release|Any CPU = Release|Any CPU
	EndGlobalSection
	GlobalSection(ProjectConfigurationPlatforms) = postSolution
		{E1599754-7976-41AD-AD85-3915552AD7AE}.Debug|Any CPU.ActiveCfg = Debug|Any CPU
		{E1599754-7976-41AD-AD85-3915552AD7AE}.Debug|Any CPU.Build.0 = Debug|Any CPU
		{E1599754-7976-41AD-AD85-3915552AD7AE}.Release|Any CPU.ActiveCfg = Release|Any CPU
		{E1599754-7976-41AD-AD85-3915552AD7AE}.Release|Any CPU.Build.0 = Release|Any CPU
		{7BB6B18C-FE17-4B0E-A0E5-1D99687D0B1D}.Debug|Any CPU.ActiveCfg = Debug|Any CPU
		{7BB6B18C-FE17-4B0E-A0E5-1D99687D0B1D}.Debug|Any CPU.Build.0 = Debug|Any CPU
		{7BB6B18C-FE17-4B0E-A0E5-1D99687D0B1D}.Release|Any CPU.ActiveCfg = Release|Any CPU
		{7BB6B18C-FE17-4B0E-A0E5-1D99687D0B1D}.Release|Any CPU.Build.0 = Release|Any CPU
		{74281A54-7A5A-41BC-8D4C-4DEE8E95F871}.Debug|Any CPU.ActiveCfg = Debug|Any CPU
		{74281A54-7A5A-41BC-8D4C-4DEE8E95F871}.Debug|Any CPU.Build.0 = Debug|Any CPU
		{74281A54-7A5A-41BC-8D4C-4DEE8E95F871}.Release|Any CPU.ActiveCfg = Release|Any CPU
		{74281A54-7A5A-41BC-8D4C-4DEE8E95F871}.Release|Any CPU.Build.0 = Release|Any CPU
		{FF90DE92-0897-4A23-8EDB-1EF324D62CAB}.Debug|Any CPU.ActiveCfg = Debug|Any CPU
		{FF90DE92-0897-4A23-8EDB-1EF324D62CAB}.Debug|Any CPU.Build.0 = Debug|Any CPU
		{FF90DE92-0897-4A23-8EDB-1EF324D62CAB}.Release|Any CPU.ActiveCfg = Release|Any CPU
		{FF90DE92-0897-4A23-8EDB-1EF324D62CAB}.Release|Any CPU.Build.0 = Release|Any CPU
		{7A90BF2B-4ABE-48A6-B68B-B3AD0B475966}.Debug|Any CPU.ActiveCfg = Debug|Any CPU
		{7A90BF2B-4ABE-48A6-B68B-B3AD0B475966}.Debug|Any CPU.Build.0 = Debug|Any CPU
		{7A90BF2B-4ABE-48A6-B68B-B3AD0B475966}.Release|Any CPU.ActiveCfg = Release|Any CPU
		{7A90BF2B-4ABE-48A6-B68B-B3AD0B475966}.Release|Any CPU.Build.0 = Release|Any CPU
	EndGlobalSection
	GlobalSection(SolutionProperties) = preSolution
		HideSolutionNode = FALSE
	EndGlobalSection
	GlobalSection(NestedProjects) = preSolution
		{FF90DE92-0897-4A23-8EDB-1EF324D62CAB} = {15B9D9F8-C1FC-4297-B9D2-08D23B9B3551}
		{7A90BF2B-4ABE-48A6-B68B-B3AD0B475966} = {15B9D9F8-C1FC-4297-B9D2-08D23B9B3551}
	EndGlobalSection
	GlobalSection(ExtensibilityGlobals) = postSolution
		SolutionGuid = {F8B040C5-A95F-4888-ACB2-7ED7A1EAD8AF}
	EndGlobalSection
EndGlobal
